// !$*UTF8*$!
{
	archiveVersion = 1;
	classes = {
	};
	objectVersion = 46;
	objects = {

/* Begin PBXBuildFile section */
		E92B8D1A1DC7FB3600EC117B /* AppDelegate.swift in Sources */ = {isa = PBXBuildFile; fileRef = E92B8D191DC7FB3600EC117B /* AppDelegate.swift */; };
		E92B8D1C1DC7FB3600EC117B /* ViewController.swift in Sources */ = {isa = PBXBuildFile; fileRef = E92B8D1B1DC7FB3600EC117B /* ViewController.swift */; };
		E92B8D1F1DC7FB3600EC117B /* Main.storyboard in Resources */ = {isa = PBXBuildFile; fileRef = E92B8D1D1DC7FB3600EC117B /* Main.storyboard */; };
		E92B8D221DC7FB3600EC117B /* Animal_Shelter_App.xcdatamodeld in Sources */ = {isa = PBXBuildFile; fileRef = E92B8D201DC7FB3600EC117B /* Animal_Shelter_App.xcdatamodeld */; };
		E92B8D241DC7FB3600EC117B /* Assets.xcassets in Resources */ = {isa = PBXBuildFile; fileRef = E92B8D231DC7FB3600EC117B /* Assets.xcassets */; };
		E92B8D271DC7FB3600EC117B /* LaunchScreen.storyboard in Resources */ = {isa = PBXBuildFile; fileRef = E92B8D251DC7FB3600EC117B /* LaunchScreen.storyboard */; };
		E92B8D321DC7FB3600EC117B /* Animal_Shelter_AppTests.swift in Sources */ = {isa = PBXBuildFile; fileRef = E92B8D311DC7FB3600EC117B /* Animal_Shelter_AppTests.swift */; };
		E92B8D3D1DC835B300EC117B /* SearchViewController.swift in Sources */ = {isa = PBXBuildFile; fileRef = E92B8D3C1DC835B300EC117B /* SearchViewController.swift */; };
		E94B592C1DD79CAF0016A71C /* ResultsTableViewController.swift in Sources */ = {isa = PBXBuildFile; fileRef = E94B592B1DD79CAF0016A71C /* ResultsTableViewController.swift */; };
		E94B59301DD79EBB0016A71C /* HomeModel.swift in Sources */ = {isa = PBXBuildFile; fileRef = E94B592F1DD79EBB0016A71C /* HomeModel.swift */; };
		E94B59321DD79ECF0016A71C /* PetModel.swift in Sources */ = {isa = PBXBuildFile; fileRef = E94B59311DD79ECF0016A71C /* PetModel.swift */; };
		E9AF394E1DCA7AF100745D0C /* PetTableViewCell.swift in Sources */ = {isa = PBXBuildFile; fileRef = E9AF394D1DCA7AF100745D0C /* PetTableViewCell.swift */; };
		E9AF39501DCD284400745D0C /* Constants.swift in Sources */ = {isa = PBXBuildFile; fileRef = E9AF394F1DCD284400745D0C /* Constants.swift */; };
		E9AF39541DCD2CE100745D0C /* SearchPickTableViewController.swift in Sources */ = {isa = PBXBuildFile; fileRef = E9AF39531DCD2CE100745D0C /* SearchPickTableViewController.swift */; };
		E9AF39561DCD301D00745D0C /* searchItemTableViewCell.swift in Sources */ = {isa = PBXBuildFile; fileRef = E9AF39551DCD301D00745D0C /* searchItemTableViewCell.swift */; };
		E9AF39581DD160D500745D0C /* AboutUsViewController.swift in Sources */ = {isa = PBXBuildFile; fileRef = E9AF39571DD160D500745D0C /* AboutUsViewController.swift */; };
/* End PBXBuildFile section */

/* Begin PBXContainerItemProxy section */
		E92B8D2E1DC7FB3600EC117B /* PBXContainerItemProxy */ = {
			isa = PBXContainerItemProxy;
			containerPortal = E92B8D0E1DC7FB3500EC117B /* Project object */;
			proxyType = 1;
			remoteGlobalIDString = E92B8D151DC7FB3500EC117B;
			remoteInfo = "Animal Shelter App";
		};
/* End PBXContainerItemProxy section */

/* Begin PBXFileReference section */
		E92B8D161DC7FB3600EC117B /* Animal Shelter App.app */ = {isa = PBXFileReference; explicitFileType = wrapper.application; includeInIndex = 0; path = "Animal Shelter App.app"; sourceTree = BUILT_PRODUCTS_DIR; };
		E92B8D191DC7FB3600EC117B /* AppDelegate.swift */ = {isa = PBXFileReference; lastKnownFileType = sourcecode.swift; path = AppDelegate.swift; sourceTree = "<group>"; };
		E92B8D1B1DC7FB3600EC117B /* ViewController.swift */ = {isa = PBXFileReference; lastKnownFileType = sourcecode.swift; path = ViewController.swift; sourceTree = "<group>"; };
		E92B8D1E1DC7FB3600EC117B /* Base */ = {isa = PBXFileReference; lastKnownFileType = file.storyboard; name = Base; path = Base.lproj/Main.storyboard; sourceTree = "<group>"; };
		E92B8D211DC7FB3600EC117B /* Animal_Shelter_App.xcdatamodel */ = {isa = PBXFileReference; lastKnownFileType = wrapper.xcdatamodel; path = Animal_Shelter_App.xcdatamodel; sourceTree = "<group>"; };
		E92B8D231DC7FB3600EC117B /* Assets.xcassets */ = {isa = PBXFileReference; lastKnownFileType = folder.assetcatalog; path = Assets.xcassets; sourceTree = "<group>"; };
		E92B8D261DC7FB3600EC117B /* Base */ = {isa = PBXFileReference; lastKnownFileType = file.storyboard; name = Base; path = Base.lproj/LaunchScreen.storyboard; sourceTree = "<group>"; };
		E92B8D281DC7FB3600EC117B /* Info.plist */ = {isa = PBXFileReference; lastKnownFileType = text.plist.xml; path = Info.plist; sourceTree = "<group>"; };
		E92B8D2D1DC7FB3600EC117B /* Animal Shelter AppTests.xctest */ = {isa = PBXFileReference; explicitFileType = wrapper.cfbundle; includeInIndex = 0; path = "Animal Shelter AppTests.xctest"; sourceTree = BUILT_PRODUCTS_DIR; };
		E92B8D311DC7FB3600EC117B /* Animal_Shelter_AppTests.swift */ = {isa = PBXFileReference; lastKnownFileType = sourcecode.swift; path = Animal_Shelter_AppTests.swift; sourceTree = "<group>"; };
		E92B8D331DC7FB3600EC117B /* Info.plist */ = {isa = PBXFileReference; lastKnownFileType = text.plist.xml; path = Info.plist; sourceTree = "<group>"; };
		E92B8D3C1DC835B300EC117B /* SearchViewController.swift */ = {isa = PBXFileReference; fileEncoding = 4; lastKnownFileType = sourcecode.swift; path = SearchViewController.swift; sourceTree = "<group>"; };
		E94B592B1DD79CAF0016A71C /* ResultsTableViewController.swift */ = {isa = PBXFileReference; fileEncoding = 4; lastKnownFileType = sourcecode.swift; path = ResultsTableViewController.swift; sourceTree = "<group>"; };
		E94B592F1DD79EBB0016A71C /* HomeModel.swift */ = {isa = PBXFileReference; fileEncoding = 4; lastKnownFileType = sourcecode.swift; path = HomeModel.swift; sourceTree = "<group>"; };
		E94B59311DD79ECF0016A71C /* PetModel.swift */ = {isa = PBXFileReference; fileEncoding = 4; lastKnownFileType = sourcecode.swift; path = PetModel.swift; sourceTree = "<group>"; };
		E9AF394D1DCA7AF100745D0C /* PetTableViewCell.swift */ = {isa = PBXFileReference; fileEncoding = 4; lastKnownFileType = sourcecode.swift; path = PetTableViewCell.swift; sourceTree = "<group>"; };
		E9AF394F1DCD284400745D0C /* Constants.swift */ = {isa = PBXFileReference; fileEncoding = 4; lastKnownFileType = sourcecode.swift; path = Constants.swift; sourceTree = "<group>"; };
		E9AF39531DCD2CE100745D0C /* SearchPickTableViewController.swift */ = {isa = PBXFileReference; fileEncoding = 4; lastKnownFileType = sourcecode.swift; name = SearchPickTableViewController.swift; path = ../SearchPickTableViewController.swift; sourceTree = "<group>"; };
		E9AF39551DCD301D00745D0C /* searchItemTableViewCell.swift */ = {isa = PBXFileReference; fileEncoding = 4; lastKnownFileType = sourcecode.swift; path = searchItemTableViewCell.swift; sourceTree = "<group>"; };
		E9AF39571DD160D500745D0C /* AboutUsViewController.swift */ = {isa = PBXFileReference; fileEncoding = 4; lastKnownFileType = sourcecode.swift; path = AboutUsViewController.swift; sourceTree = "<group>"; };
/* End PBXFileReference section */

/* Begin PBXFrameworksBuildPhase section */
		E92B8D131DC7FB3500EC117B /* Frameworks */ = {
			isa = PBXFrameworksBuildPhase;
			buildActionMask = 2147483647;
			files = (
			);
			runOnlyForDeploymentPostprocessing = 0;
		};
		E92B8D2A1DC7FB3600EC117B /* Frameworks */ = {
			isa = PBXFrameworksBuildPhase;
			buildActionMask = 2147483647;
			files = (
			);
			runOnlyForDeploymentPostprocessing = 0;
		};
/* End PBXFrameworksBuildPhase section */

/* Begin PBXGroup section */
		E92B8D0D1DC7FB3500EC117B = {
			isa = PBXGroup;
			children = (
				E92B8D181DC7FB3600EC117B /* Animal Shelter App */,
				E92B8D301DC7FB3600EC117B /* Animal Shelter AppTests */,
				E92B8D171DC7FB3600EC117B /* Products */,
			);
			sourceTree = "<group>";
		};
		E92B8D171DC7FB3600EC117B /* Products */ = {
			isa = PBXGroup;
			children = (
				E92B8D161DC7FB3600EC117B /* Animal Shelter App.app */,
				E92B8D2D1DC7FB3600EC117B /* Animal Shelter AppTests.xctest */,
			);
			name = Products;
			sourceTree = "<group>";
		};
		E92B8D181DC7FB3600EC117B /* Animal Shelter App */ = {
			isa = PBXGroup;
			children = (
				E9AF39531DCD2CE100745D0C /* SearchPickTableViewController.swift */,
				E92B8D191DC7FB3600EC117B /* AppDelegate.swift */,
				E92B8D1B1DC7FB3600EC117B /* ViewController.swift */,
				E92B8D1D1DC7FB3600EC117B /* Main.storyboard */,
				E9AF39551DCD301D00745D0C /* searchItemTableViewCell.swift */,
				E9AF394F1DCD284400745D0C /* Constants.swift */,
				E92B8D231DC7FB3600EC117B /* Assets.xcassets */,
				E92B8D251DC7FB3600EC117B /* LaunchScreen.storyboard */,
				E92B8D281DC7FB3600EC117B /* Info.plist */,
				E92B8D201DC7FB3600EC117B /* Animal_Shelter_App.xcdatamodeld */,
				E9AF394D1DCA7AF100745D0C /* PetTableViewCell.swift */,
				E92B8D3C1DC835B300EC117B /* SearchViewController.swift */,
				E9AF39571DD160D500745D0C /* AboutUsViewController.swift */,
				E94B592B1DD79CAF0016A71C /* ResultsTableViewController.swift */,
				E94B592F1DD79EBB0016A71C /* HomeModel.swift */,
				E94B59311DD79ECF0016A71C /* PetModel.swift */,
			);
			path = "Animal Shelter App";
			sourceTree = "<group>";
		};
		E92B8D301DC7FB3600EC117B /* Animal Shelter AppTests */ = {
			isa = PBXGroup;
			children = (
				E92B8D311DC7FB3600EC117B /* Animal_Shelter_AppTests.swift */,
				E92B8D331DC7FB3600EC117B /* Info.plist */,
			);
			path = "Animal Shelter AppTests";
			sourceTree = "<group>";
		};
/* End PBXGroup section */

/* Begin PBXNativeTarget section */
		E92B8D151DC7FB3500EC117B /* Animal Shelter App */ = {
			isa = PBXNativeTarget;
			buildConfigurationList = E92B8D361DC7FB3600EC117B /* Build configuration list for PBXNativeTarget "Animal Shelter App" */;
			buildPhases = (
				E92B8D121DC7FB3500EC117B /* Sources */,
				E92B8D131DC7FB3500EC117B /* Frameworks */,
				E92B8D141DC7FB3500EC117B /* Resources */,
			);
			buildRules = (
			);
			dependencies = (
			);
			name = "Animal Shelter App";
			productName = "Animal Shelter App";
			productReference = E92B8D161DC7FB3600EC117B /* Animal Shelter App.app */;
			productType = "com.apple.product-type.application";
		};
		E92B8D2C1DC7FB3600EC117B /* Animal Shelter AppTests */ = {
			isa = PBXNativeTarget;
			buildConfigurationList = E92B8D391DC7FB3600EC117B /* Build configuration list for PBXNativeTarget "Animal Shelter AppTests" */;
			buildPhases = (
				E92B8D291DC7FB3600EC117B /* Sources */,
				E92B8D2A1DC7FB3600EC117B /* Frameworks */,
				E92B8D2B1DC7FB3600EC117B /* Resources */,
			);
			buildRules = (
			);
			dependencies = (
				E92B8D2F1DC7FB3600EC117B /* PBXTargetDependency */,
			);
			name = "Animal Shelter AppTests";
			productName = "Animal Shelter AppTests";
			productReference = E92B8D2D1DC7FB3600EC117B /* Animal Shelter AppTests.xctest */;
			productType = "com.apple.product-type.bundle.unit-test";
		};
/* End PBXNativeTarget section */

/* Begin PBXProject section */
		E92B8D0E1DC7FB3500EC117B /* Project object */ = {
			isa = PBXProject;
			attributes = {
				LastSwiftUpdateCheck = 0800;
				LastUpgradeCheck = 0800;
				ORGANIZATIONNAME = "ISYS 220";
				TargetAttributes = {
					E92B8D151DC7FB3500EC117B = {
						CreatedOnToolsVersion = 8.0;
						ProvisioningStyle = Automatic;
					};
					E92B8D2C1DC7FB3600EC117B = {
						CreatedOnToolsVersion = 8.0;
						ProvisioningStyle = Automatic;
						TestTargetID = E92B8D151DC7FB3500EC117B;
					};
				};
			};
			buildConfigurationList = E92B8D111DC7FB3500EC117B /* Build configuration list for PBXProject "Animal Shelter App" */;
			compatibilityVersion = "Xcode 3.2";
			developmentRegion = English;
			hasScannedForEncodings = 0;
			knownRegions = (
				en,
				Base,
			);
			mainGroup = E92B8D0D1DC7FB3500EC117B;
			productRefGroup = E92B8D171DC7FB3600EC117B /* Products */;
			projectDirPath = "";
			projectRoot = "";
			targets = (
				E92B8D151DC7FB3500EC117B /* Animal Shelter App */,
				E92B8D2C1DC7FB3600EC117B /* Animal Shelter AppTests */,
			);
		};
/* End PBXProject section */

/* Begin PBXResourcesBuildPhase section */
		E92B8D141DC7FB3500EC117B /* Resources */ = {
			isa = PBXResourcesBuildPhase;
			buildActionMask = 2147483647;
			files = (
				E92B8D271DC7FB3600EC117B /* LaunchScreen.storyboard in Resources */,
				E92B8D241DC7FB3600EC117B /* Assets.xcassets in Resources */,
				E92B8D1F1DC7FB3600EC117B /* Main.storyboard in Resources */,
			);
			runOnlyForDeploymentPostprocessing = 0;
		};
		E92B8D2B1DC7FB3600EC117B /* Resources */ = {
			isa = PBXResourcesBuildPhase;
			buildActionMask = 2147483647;
			files = (
			);
			runOnlyForDeploymentPostprocessing = 0;
		};
/* End PBXResourcesBuildPhase section */

/* Begin PBXSourcesBuildPhase section */
		E92B8D121DC7FB3500EC117B /* Sources */ = {
			isa = PBXSourcesBuildPhase;
			buildActionMask = 2147483647;
			files = (
				E9AF39561DCD301D00745D0C /* searchItemTableViewCell.swift in Sources */,
				E9AF39581DD160D500745D0C /* AboutUsViewController.swift in Sources */,
				E94B59301DD79EBB0016A71C /* HomeModel.swift in Sources */,
				E92B8D1C1DC7FB3600EC117B /* ViewController.swift in Sources */,
				E9AF39541DCD2CE100745D0C /* SearchPickTableViewController.swift in Sources */,
				E94B592C1DD79CAF0016A71C /* ResultsTableViewController.swift in Sources */,
				E92B8D1A1DC7FB3600EC117B /* AppDelegate.swift in Sources */,
				E92B8D3D1DC835B300EC117B /* SearchViewController.swift in Sources */,
				E9AF394E1DCA7AF100745D0C /* PetTableViewCell.swift in Sources */,
				E92B8D221DC7FB3600EC117B /* Animal_Shelter_App.xcdatamodeld in Sources */,
				E9AF39501DCD284400745D0C /* Constants.swift in Sources */,
				E94B59321DD79ECF0016A71C /* PetModel.swift in Sources */,
			);
			runOnlyForDeploymentPostprocessing = 0;
		};
		E92B8D291DC7FB3600EC117B /* Sources */ = {
			isa = PBXSourcesBuildPhase;
			buildActionMask = 2147483647;
			files = (
				E92B8D321DC7FB3600EC117B /* Animal_Shelter_AppTests.swift in Sources */,
			);
			runOnlyForDeploymentPostprocessing = 0;
		};
/* End PBXSourcesBuildPhase section */

/* Begin PBXTargetDependency section */
		E92B8D2F1DC7FB3600EC117B /* PBXTargetDependency */ = {
			isa = PBXTargetDependency;
			target = E92B8D151DC7FB3500EC117B /* Animal Shelter App */;
			targetProxy = E92B8D2E1DC7FB3600EC117B /* PBXContainerItemProxy */;
		};
/* End PBXTargetDependency section */

/* Begin PBXVariantGroup section */
		E92B8D1D1DC7FB3600EC117B /* Main.storyboard */ = {
			isa = PBXVariantGroup;
			children = (
				E92B8D1E1DC7FB3600EC117B /* Base */,
			);
			name = Main.storyboard;
			sourceTree = "<group>";
		};
		E92B8D251DC7FB3600EC117B /* LaunchScreen.storyboard */ = {
			isa = PBXVariantGroup;
			children = (
				E92B8D261DC7FB3600EC117B /* Base */,
			);
			name = LaunchScreen.storyboard;
			sourceTree = "<group>";
		};
/* End PBXVariantGroup section */

/* Begin XCBuildConfiguration section */
		E92B8D341DC7FB3600EC117B /* Debug */ = {
			isa = XCBuildConfiguration;
			buildSettings = {
				ALWAYS_SEARCH_USER_PATHS = NO;
				CLANG_ANALYZER_NONNULL = YES;
				CLANG_CXX_LANGUAGE_STANDARD = "gnu++0x";
				CLANG_CXX_LIBRARY = "libc++";
				CLANG_ENABLE_MODULES = YES;
				CLANG_ENABLE_OBJC_ARC = YES;
				CLANG_WARN_BOOL_CONVERSION = YES;
				CLANG_WARN_CONSTANT_CONVERSION = YES;
				CLANG_WARN_DIRECT_OBJC_ISA_USAGE = YES_ERROR;
				CLANG_WARN_DOCUMENTATION_COMMENTS = YES;
				CLANG_WARN_EMPTY_BODY = YES;
				CLANG_WARN_ENUM_CONVERSION = YES;
				CLANG_WARN_INFINITE_RECURSION = YES;
				CLANG_WARN_INT_CONVERSION = YES;
				CLANG_WARN_OBJC_ROOT_CLASS = YES_ERROR;
				CLANG_WARN_SUSPICIOUS_MOVES = YES;
				CLANG_WARN_UNREACHABLE_CODE = YES;
				CLANG_WARN__DUPLICATE_METHOD_MATCH = YES;
				"CODE_SIGN_IDENTITY[sdk=iphoneos*]" = "iPhone Developer";
				COPY_PHASE_STRIP = NO;
				DEBUG_INFORMATION_FORMAT = dwarf;
				ENABLE_STRICT_OBJC_MSGSEND = YES;
				ENABLE_TESTABILITY = YES;
				GCC_C_LANGUAGE_STANDARD = gnu99;
				GCC_DYNAMIC_NO_PIC = NO;
				GCC_NO_COMMON_BLOCKS = YES;
				GCC_OPTIMIZATION_LEVEL = 0;
				GCC_PREPROCESSOR_DEFINITIONS = (
					"DEBUG=1",
					"$(inherited)",
				);
				GCC_WARN_64_TO_32_BIT_CONVERSION = YES;
				GCC_WARN_ABOUT_RETURN_TYPE = YES_ERROR;
				GCC_WARN_UNDECLARED_SELECTOR = YES;
				GCC_WARN_UNINITIALIZED_AUTOS = YES_AGGRESSIVE;
				GCC_WARN_UNUSED_FUNCTION = YES;
				GCC_WARN_UNUSED_VARIABLE = YES;
				IPHONEOS_DEPLOYMENT_TARGET = 10.0;
				MTL_ENABLE_DEBUG_INFO = YES;
				ONLY_ACTIVE_ARCH = YES;
				SDKROOT = iphoneos;
				SWIFT_ACTIVE_COMPILATION_CONDITIONS = DEBUG;
				SWIFT_OPTIMIZATION_LEVEL = "-Onone";
				TARGETED_DEVICE_FAMILY = "1,2";
			};
			name = Debug;
		};
		E92B8D351DC7FB3600EC117B /* Release */ = {
			isa = XCBuildConfiguration;
			buildSettings = {
				ALWAYS_SEARCH_USER_PATHS = NO;
				CLANG_ANALYZER_NONNULL = YES;
				CLANG_CXX_LANGUAGE_STANDARD = "gnu++0x";
				CLANG_CXX_LIBRARY = "libc++";
				CLANG_ENABLE_MODULES = YES;
				CLANG_ENABLE_OBJC_ARC = YES;
				CLANG_WARN_BOOL_CONVERSION = YES;
				CLANG_WARN_CONSTANT_CONVERSION = YES;
				CLANG_WARN_DIRECT_OBJC_ISA_USAGE = YES_ERROR;
				CLANG_WARN_DOCUMENTATION_COMMENTS = YES;
				CLANG_WARN_EMPTY_BODY = YES;
				CLANG_WARN_ENUM_CONVERSION = YES;
				CLANG_WARN_INFINITE_RECURSION = YES;
				CLANG_WARN_INT_CONVERSION = YES;
				CLANG_WARN_OBJC_ROOT_CLASS = YES_ERROR;
				CLANG_WARN_SUSPICIOUS_MOVES = YES;
				CLANG_WARN_UNREACHABLE_CODE = YES;
				CLANG_WARN__DUPLICATE_METHOD_MATCH = YES;
				"CODE_SIGN_IDENTITY[sdk=iphoneos*]" = "iPhone Developer";
				COPY_PHASE_STRIP = NO;
				DEBUG_INFORMATION_FORMAT = "dwarf-with-dsym";
				ENABLE_NS_ASSERTIONS = NO;
				ENABLE_STRICT_OBJC_MSGSEND = YES;
				GCC_C_LANGUAGE_STANDARD = gnu99;
				GCC_NO_COMMON_BLOCKS = YES;
				GCC_WARN_64_TO_32_BIT_CONVERSION = YES;
				GCC_WARN_ABOUT_RETURN_TYPE = YES_ERROR;
				GCC_WARN_UNDECLARED_SELECTOR = YES;
				GCC_WARN_UNINITIALIZED_AUTOS = YES_AGGRESSIVE;
				GCC_WARN_UNUSED_FUNCTION = YES;
				GCC_WARN_UNUSED_VARIABLE = YES;
				IPHONEOS_DEPLOYMENT_TARGET = 10.0;
				MTL_ENABLE_DEBUG_INFO = NO;
				SDKROOT = iphoneos;
				SWIFT_OPTIMIZATION_LEVEL = "-Owholemodule";
				TARGETED_DEVICE_FAMILY = "1,2";
				VALIDATE_PRODUCT = YES;
			};
			name = Release;
		};
		E92B8D371DC7FB3600EC117B /* Debug */ = {
			isa = XCBuildConfiguration;
			buildSettings = {
				ASSETCATALOG_COMPILER_APPICON_NAME = AppIcon;
				INFOPLIST_FILE = "Animal Shelter App/Info.plist";
				LD_RUNPATH_SEARCH_PATHS = "$(inherited) @executable_path/Frameworks";
				PRODUCT_BUNDLE_IDENTIFIER = "com.TBN.Animal-Shelter-App";
				PRODUCT_NAME = "$(TARGET_NAME)";
				SWIFT_VERSION = 3.0;
			};
			name = Debug;
		};
		E92B8D381DC7FB3600EC117B /* Release */ = {
			isa = XCBuildConfiguration;
			buildSettings = {
				ASSETCATALOG_COMPILER_APPICON_NAME = AppIcon;
				INFOPLIST_FILE = "Animal Shelter App/Info.plist";
				LD_RUNPATH_SEARCH_PATHS = "$(inherited) @executable_path/Frameworks";
				PRODUCT_BUNDLE_IDENTIFIER = "com.TBN.Animal-Shelter-App";
				PRODUCT_NAME = "$(TARGET_NAME)";
				SWIFT_VERSION = 3.0;
			};
			name = Release;
		};
		E92B8D3A1DC7FB3600EC117B /* Debug */ = {
			isa = XCBuildConfiguration;
			buildSettings = {
				ALWAYS_EMBED_SWIFT_STANDARD_LIBRARIES = YES;
				BUNDLE_LOADER = "$(TEST_HOST)";
				INFOPLIST_FILE = "Animal Shelter AppTests/Info.plist";
				LD_RUNPATH_SEARCH_PATHS = "$(inherited) @executable_path/Frameworks @loader_path/Frameworks";
				PRODUCT_BUNDLE_IDENTIFIER = "com.TBN.Animal-Shelter-AppTests";
				PRODUCT_NAME = "$(TARGET_NAME)";
				SWIFT_VERSION = 3.0;
				TEST_HOST = "$(BUILT_PRODUCTS_DIR)/Animal Shelter App.app/Animal Shelter App";
			};
			name = Debug;
		};
		E92B8D3B1DC7FB3600EC117B /* Release */ = {
			isa = XCBuildConfiguration;
			buildSettings = {
				ALWAYS_EMBED_SWIFT_STANDARD_LIBRARIES = YES;
				BUNDLE_LOADER = "$(TEST_HOST)";
				INFOPLIST_FILE = "Animal Shelter AppTests/Info.plist";
				LD_RUNPATH_SEARCH_PATHS = "$(inherited) @executable_path/Frameworks @loader_path/Frameworks";
				PRODUCT_BUNDLE_IDENTIFIER = "com.TBN.Animal-Shelter-AppTests";
				PRODUCT_NAME = "$(TARGET_NAME)";
				SWIFT_VERSION = 3.0;
				TEST_HOST = "$(BUILT_PRODUCTS_DIR)/Animal Shelter App.app/Animal Shelter App";
			};
			name = Release;
		};
/* End XCBuildConfiguration section */

/* Begin XCConfigurationList section */
		E92B8D111DC7FB3500EC117B /* Build configuration list for PBXProject "Animal Shelter App" */ = {
			isa = XCConfigurationList;
			buildConfigurations = (
				E92B8D341DC7FB3600EC117B /* Debug */,
				E92B8D351DC7FB3600EC117B /* Release */,
			);
			defaultConfigurationIsVisible = 0;
			defaultConfigurationName = Release;
		};
		E92B8D361DC7FB3600EC117B /* Build configuration list for PBXNativeTarget "Animal Shelter App" */ = {
			isa = XCConfigurationList;
			buildConfigurations = (
				E92B8D371DC7FB3600EC117B /* Debug */,
				E92B8D381DC7FB3600EC117B /* Release */,
			);
			defaultConfigurationIsVisible = 0;
			defaultConfigurationName = Release;
		};
		E92B8D391DC7FB3600EC117B /* Build configuration list for PBXNativeTarget "Animal Shelter AppTests" */ = {
			isa = XCConfigurationList;
			buildConfigurations = (
				E92B8D3A1DC7FB3600EC117B /* Debug */,
				E92B8D3B1DC7FB3600EC117B /* Release */,
			);
			defaultConfigurationIsVisible = 0;
			defaultConfigurationName = Release;
		};
/* End XCConfigurationList section */

/* Begin XCVersionGroup section */
		E92B8D201DC7FB3600EC117B /* Animal_Shelter_App.xcdatamodeld */ = {
			isa = XCVersionGroup;
			children = (
				E92B8D211DC7FB3600EC117B /* Animal_Shelter_App.xcdatamodel */,
			);
			currentVersion = E92B8D211DC7FB3600EC117B /* Animal_Shelter_App.xcdatamodel */;
			path = Animal_Shelter_App.xcdatamodeld;
			sourceTree = "<group>";
			versionGroupType = wrapper.xcdatamodel;
		};
/* End XCVersionGroup section */
	};
	rootObject = E92B8D0E1DC7FB3500EC117B /* Project object */;
}
